// !$*UTF8*$!
{
	archiveVersion = 1;
	classes = {
	};
	objectVersion = 56;
	objects = {

/* Begin PBXBuildFile section */
		603273654B7FB4EF27D87312 /* Pods_MR_Movies.framework in Frameworks */ = {isa = PBXBuildFile; fileRef = ECD1DBD25EA7BD2960853290 /* Pods_MR_Movies.framework */; };
		701D36C32B7249E000B38689 /* DividerView.swift in Sources */ = {isa = PBXBuildFile; fileRef = 701D36C22B7249E000B38689 /* DividerView.swift */; };
		701D36C52B7249E700B38689 /* DividerView.xib in Resources */ = {isa = PBXBuildFile; fileRef = 701D36C42B7249E700B38689 /* DividerView.xib */; };
		701D36C82B724C1100B38689 /* UITableViewCell+extension.swift in Sources */ = {isa = PBXBuildFile; fileRef = 701D36C72B724C1100B38689 /* UITableViewCell+extension.swift */; };
		701D36CD2B72747D00B38689 /* MovieInfoView.xib in Resources */ = {isa = PBXBuildFile; fileRef = 701D36CC2B72747D00B38689 /* MovieInfoView.xib */; };
		703A92B22B68FD8D0034B04A /* Formatter.swift in Sources */ = {isa = PBXBuildFile; fileRef = 703A92B12B68FD8D0034B04A /* Formatter.swift */; };
		703A92B42B6903270034B04A /* Paginator.swift in Sources */ = {isa = PBXBuildFile; fileRef = 703A92B32B6903270034B04A /* Paginator.swift */; };
		706168332B737AE200E17BF6 /* UIViewController+extension.swift in Sources */ = {isa = PBXBuildFile; fileRef = 706168322B737AE200E17BF6 /* UIViewController+extension.swift */; };
		706168362B73907100E17BF6 /* Movies.xcdatamodeld in Sources */ = {isa = PBXBuildFile; fileRef = 706168342B73907100E17BF6 /* Movies.xcdatamodeld */; };
		706168392B7393E300E17BF6 /* MovieRepository.swift in Sources */ = {isa = PBXBuildFile; fileRef = 706168382B7393E300E17BF6 /* MovieRepository.swift */; };
		7061683C2B73955600E17BF6 /* MovieRepositoryImpl.swift in Sources */ = {isa = PBXBuildFile; fileRef = 7061683B2B73955600E17BF6 /* MovieRepositoryImpl.swift */; };
		7061683E2B73964B00E17BF6 /* Constants.swift in Sources */ = {isa = PBXBuildFile; fileRef = 7061683D2B73964B00E17BF6 /* Constants.swift */; };
		706168402B73A7F300E17BF6 /* Mapper.swift in Sources */ = {isa = PBXBuildFile; fileRef = 7061683F2B73A7F300E17BF6 /* Mapper.swift */; };
		706168432B73BAAF00E17BF6 /* MovieDetailsViewModel.swift in Sources */ = {isa = PBXBuildFile; fileRef = 706168422B73BAAF00E17BF6 /* MovieDetailsViewModel.swift */; };
		7075F74D2B62707B00E99E23 /* AppDelegate.swift in Sources */ = {isa = PBXBuildFile; fileRef = 7075F74C2B62707B00E99E23 /* AppDelegate.swift */; };
		7075F74F2B62707B00E99E23 /* SceneDelegate.swift in Sources */ = {isa = PBXBuildFile; fileRef = 7075F74E2B62707B00E99E23 /* SceneDelegate.swift */; };
		7075F7542B62707B00E99E23 /* Main.storyboard in Resources */ = {isa = PBXBuildFile; fileRef = 7075F7522B62707B00E99E23 /* Main.storyboard */; };
		7075F7562B62707C00E99E23 /* Assets.xcassets in Resources */ = {isa = PBXBuildFile; fileRef = 7075F7552B62707C00E99E23 /* Assets.xcassets */; };
		7075F7592B62707C00E99E23 /* LaunchScreen.storyboard in Resources */ = {isa = PBXBuildFile; fileRef = 7075F7572B62707C00E99E23 /* LaunchScreen.storyboard */; };
		7075F7862B62970400E99E23 /* MoviesListViewController.swift in Sources */ = {isa = PBXBuildFile; fileRef = 7075F7852B62970400E99E23 /* MoviesListViewController.swift */; };
		7075F78B2B629B9200E99E23 /* MovieListResponse.swift in Sources */ = {isa = PBXBuildFile; fileRef = 7075F78A2B629B9200E99E23 /* MovieListResponse.swift */; };
		7075F78D2B629C1400E99E23 /* MovieUIModel.swift in Sources */ = {isa = PBXBuildFile; fileRef = 7075F78C2B629C1400E99E23 /* MovieUIModel.swift */; };
		7075F7932B62A55800E99E23 /* MovieDetailsResponse.swift in Sources */ = {isa = PBXBuildFile; fileRef = 7075F7922B62A55800E99E23 /* MovieDetailsResponse.swift */; };
		7075F7962B62B19100E99E23 /* MovieService.swift in Sources */ = {isa = PBXBuildFile; fileRef = 7075F7952B62B19100E99E23 /* MovieService.swift */; };
		7075F79F2B62C26600E99E23 /* MovieServiceImpl.swift in Sources */ = {isa = PBXBuildFile; fileRef = 7075F79E2B62C26600E99E23 /* MovieServiceImpl.swift */; };
		707839A82B665A030047BE49 /* ApiKeyInterceptor.swift in Sources */ = {isa = PBXBuildFile; fileRef = 707839A72B665A030047BE49 /* ApiKeyInterceptor.swift */; };
		707839B02B666B290047BE49 /* MovieCell.swift in Sources */ = {isa = PBXBuildFile; fileRef = 707839AE2B666B290047BE49 /* MovieCell.swift */; };
		707839B12B666B290047BE49 /* MovieCell.xib in Resources */ = {isa = PBXBuildFile; fileRef = 707839AF2B666B290047BE49 /* MovieCell.xib */; };
		707839B82B667A460047BE49 /* MoviesListViewModel.swift in Sources */ = {isa = PBXBuildFile; fileRef = 707839B72B667A460047BE49 /* MoviesListViewModel.swift */; };
		70B1435C2B6B99C500918507 /* MovieDetailsViewController.swift in Sources */ = {isa = PBXBuildFile; fileRef = 70B1435B2B6B99C500918507 /* MovieDetailsViewController.swift */; };
		70B1435F2B6B9D4100918507 /* MovieInfoView.swift in Sources */ = {isa = PBXBuildFile; fileRef = 70B1435E2B6B9D4100918507 /* MovieInfoView.swift */; };
		70B143632B6BA18A00918507 /* UIView+extension.swift in Sources */ = {isa = PBXBuildFile; fileRef = 70B143622B6BA18A00918507 /* UIView+extension.swift */; };
		70CDC7902B679BEA004E305A /* ColorResources.swift in Sources */ = {isa = PBXBuildFile; fileRef = 70CDC78F2B679BEA004E305A /* ColorResources.swift */; };
		70CDC7972B67A1B7004E305A /* Localizable.strings in Resources */ = {isa = PBXBuildFile; fileRef = 70CDC7992B67A1B7004E305A /* Localizable.strings */; };
		70CDC79D2B67A54E004E305A /* StringResources.swift in Sources */ = {isa = PBXBuildFile; fileRef = 70CDC79C2B67A54E004E305A /* StringResources.swift */; };
/* End PBXBuildFile section */

/* Begin PBXFileReference section */
		701D36C22B7249E000B38689 /* DividerView.swift */ = {isa = PBXFileReference; lastKnownFileType = sourcecode.swift; path = DividerView.swift; sourceTree = "<group>"; };
		701D36C42B7249E700B38689 /* DividerView.xib */ = {isa = PBXFileReference; lastKnownFileType = file.xib; path = DividerView.xib; sourceTree = "<group>"; };
		701D36C72B724C1100B38689 /* UITableViewCell+extension.swift */ = {isa = PBXFileReference; lastKnownFileType = sourcecode.swift; path = "UITableViewCell+extension.swift"; sourceTree = "<group>"; };
		701D36CC2B72747D00B38689 /* MovieInfoView.xib */ = {isa = PBXFileReference; lastKnownFileType = file.xib; path = MovieInfoView.xib; sourceTree = "<group>"; };
		703A92B12B68FD8D0034B04A /* Formatter.swift */ = {isa = PBXFileReference; lastKnownFileType = sourcecode.swift; path = Formatter.swift; sourceTree = "<group>"; };
		703A92B32B6903270034B04A /* Paginator.swift */ = {isa = PBXFileReference; lastKnownFileType = sourcecode.swift; path = Paginator.swift; sourceTree = "<group>"; };
		706168322B737AE200E17BF6 /* UIViewController+extension.swift */ = {isa = PBXFileReference; lastKnownFileType = sourcecode.swift; path = "UIViewController+extension.swift"; sourceTree = "<group>"; };
		706168352B73907100E17BF6 /* Movies.xcdatamodel */ = {isa = PBXFileReference; lastKnownFileType = wrapper.xcdatamodel; path = Movies.xcdatamodel; sourceTree = "<group>"; };
		706168382B7393E300E17BF6 /* MovieRepository.swift */ = {isa = PBXFileReference; lastKnownFileType = sourcecode.swift; path = MovieRepository.swift; sourceTree = "<group>"; };
		7061683B2B73955600E17BF6 /* MovieRepositoryImpl.swift */ = {isa = PBXFileReference; lastKnownFileType = sourcecode.swift; path = MovieRepositoryImpl.swift; sourceTree = "<group>"; };
		7061683D2B73964B00E17BF6 /* Constants.swift */ = {isa = PBXFileReference; lastKnownFileType = sourcecode.swift; path = Constants.swift; sourceTree = "<group>"; };
		7061683F2B73A7F300E17BF6 /* Mapper.swift */ = {isa = PBXFileReference; lastKnownFileType = sourcecode.swift; path = Mapper.swift; sourceTree = "<group>"; };
		706168422B73BAAF00E17BF6 /* MovieDetailsViewModel.swift */ = {isa = PBXFileReference; lastKnownFileType = sourcecode.swift; path = MovieDetailsViewModel.swift; sourceTree = "<group>"; };
		7075F7492B62707B00E99E23 /* MR Movies.app */ = {isa = PBXFileReference; explicitFileType = wrapper.application; includeInIndex = 0; path = "MR Movies.app"; sourceTree = BUILT_PRODUCTS_DIR; };
		7075F74C2B62707B00E99E23 /* AppDelegate.swift */ = {isa = PBXFileReference; lastKnownFileType = sourcecode.swift; path = AppDelegate.swift; sourceTree = "<group>"; };
		7075F74E2B62707B00E99E23 /* SceneDelegate.swift */ = {isa = PBXFileReference; lastKnownFileType = sourcecode.swift; path = SceneDelegate.swift; sourceTree = "<group>"; };
		7075F7532B62707B00E99E23 /* Base */ = {isa = PBXFileReference; lastKnownFileType = file.storyboard; name = Base; path = Base.lproj/Main.storyboard; sourceTree = "<group>"; };
		7075F7552B62707C00E99E23 /* Assets.xcassets */ = {isa = PBXFileReference; lastKnownFileType = folder.assetcatalog; path = Assets.xcassets; sourceTree = "<group>"; };
		7075F7582B62707C00E99E23 /* Base */ = {isa = PBXFileReference; lastKnownFileType = file.storyboard; name = Base; path = Base.lproj/LaunchScreen.storyboard; sourceTree = "<group>"; };
		7075F75A2B62707C00E99E23 /* Info.plist */ = {isa = PBXFileReference; lastKnownFileType = text.plist.xml; path = Info.plist; sourceTree = "<group>"; };
		7075F7852B62970400E99E23 /* MoviesListViewController.swift */ = {isa = PBXFileReference; lastKnownFileType = sourcecode.swift; path = MoviesListViewController.swift; sourceTree = "<group>"; };
		7075F78A2B629B9200E99E23 /* MovieListResponse.swift */ = {isa = PBXFileReference; lastKnownFileType = sourcecode.swift; path = MovieListResponse.swift; sourceTree = "<group>"; };
		7075F78C2B629C1400E99E23 /* MovieUIModel.swift */ = {isa = PBXFileReference; lastKnownFileType = sourcecode.swift; path = MovieUIModel.swift; sourceTree = "<group>"; };
		7075F7922B62A55800E99E23 /* MovieDetailsResponse.swift */ = {isa = PBXFileReference; lastKnownFileType = sourcecode.swift; path = MovieDetailsResponse.swift; sourceTree = "<group>"; };
		7075F7952B62B19100E99E23 /* MovieService.swift */ = {isa = PBXFileReference; lastKnownFileType = sourcecode.swift; path = MovieService.swift; sourceTree = "<group>"; };
		7075F79E2B62C26600E99E23 /* MovieServiceImpl.swift */ = {isa = PBXFileReference; lastKnownFileType = sourcecode.swift; path = MovieServiceImpl.swift; sourceTree = "<group>"; };
		707839A72B665A030047BE49 /* ApiKeyInterceptor.swift */ = {isa = PBXFileReference; lastKnownFileType = sourcecode.swift; path = ApiKeyInterceptor.swift; sourceTree = "<group>"; };
		707839AE2B666B290047BE49 /* MovieCell.swift */ = {isa = PBXFileReference; lastKnownFileType = sourcecode.swift; path = MovieCell.swift; sourceTree = "<group>"; };
		707839AF2B666B290047BE49 /* MovieCell.xib */ = {isa = PBXFileReference; lastKnownFileType = file.xib; path = MovieCell.xib; sourceTree = "<group>"; };
		707839B72B667A460047BE49 /* MoviesListViewModel.swift */ = {isa = PBXFileReference; lastKnownFileType = sourcecode.swift; path = MoviesListViewModel.swift; sourceTree = "<group>"; };
		70B1435B2B6B99C500918507 /* MovieDetailsViewController.swift */ = {isa = PBXFileReference; lastKnownFileType = sourcecode.swift; path = MovieDetailsViewController.swift; sourceTree = "<group>"; };
		70B1435E2B6B9D4100918507 /* MovieInfoView.swift */ = {isa = PBXFileReference; lastKnownFileType = sourcecode.swift; path = MovieInfoView.swift; sourceTree = "<group>"; };
		70B143622B6BA18A00918507 /* UIView+extension.swift */ = {isa = PBXFileReference; lastKnownFileType = sourcecode.swift; path = "UIView+extension.swift"; sourceTree = "<group>"; };
		70CDC78F2B679BEA004E305A /* ColorResources.swift */ = {isa = PBXFileReference; lastKnownFileType = sourcecode.swift; path = ColorResources.swift; sourceTree = "<group>"; };
		70CDC7932B67A176004E305A /* ar */ = {isa = PBXFileReference; lastKnownFileType = text.plist.strings; name = ar; path = ar.lproj/Main.strings; sourceTree = "<group>"; };
		70CDC7942B67A177004E305A /* ar */ = {isa = PBXFileReference; lastKnownFileType = text.plist.strings; name = ar; path = ar.lproj/LaunchScreen.strings; sourceTree = "<group>"; };
		70CDC7982B67A1B7004E305A /* en */ = {isa = PBXFileReference; lastKnownFileType = text.plist.strings; name = en; path = en.lproj/Localizable.strings; sourceTree = "<group>"; };
		70CDC79A2B67A1BB004E305A /* ar */ = {isa = PBXFileReference; lastKnownFileType = text.plist.strings; name = ar; path = ar.lproj/Localizable.strings; sourceTree = "<group>"; };
		70CDC79C2B67A54E004E305A /* StringResources.swift */ = {isa = PBXFileReference; lastKnownFileType = sourcecode.swift; path = StringResources.swift; sourceTree = "<group>"; };
		9F72B5504F54894645A081AB /* Pods-MR Movies.release.xcconfig */ = {isa = PBXFileReference; includeInIndex = 1; lastKnownFileType = text.xcconfig; name = "Pods-MR Movies.release.xcconfig"; path = "Target Support Files/Pods-MR Movies/Pods-MR Movies.release.xcconfig"; sourceTree = "<group>"; };
		AF4B36B2F8C24E490A8CC0FB /* Pods-MR Movies.debug.xcconfig */ = {isa = PBXFileReference; includeInIndex = 1; lastKnownFileType = text.xcconfig; name = "Pods-MR Movies.debug.xcconfig"; path = "Target Support Files/Pods-MR Movies/Pods-MR Movies.debug.xcconfig"; sourceTree = "<group>"; };
		ECD1DBD25EA7BD2960853290 /* Pods_MR_Movies.framework */ = {isa = PBXFileReference; explicitFileType = wrapper.framework; includeInIndex = 0; path = Pods_MR_Movies.framework; sourceTree = BUILT_PRODUCTS_DIR; };
/* End PBXFileReference section */

/* Begin PBXFrameworksBuildPhase section */
		7075F7462B62707B00E99E23 /* Frameworks */ = {
			isa = PBXFrameworksBuildPhase;
			buildActionMask = 2147483647;
			files = (
				603273654B7FB4EF27D87312 /* Pods_MR_Movies.framework in Frameworks */,
			);
			runOnlyForDeploymentPostprocessing = 0;
		};
/* End PBXFrameworksBuildPhase section */

/* Begin PBXGroup section */
		10E36B9DD12FE6AC3941980A /* Frameworks */ = {
			isa = PBXGroup;
			children = (
				ECD1DBD25EA7BD2960853290 /* Pods_MR_Movies.framework */,
			);
			name = Frameworks;
			sourceTree = "<group>";
		};
		701D36C02B7243AB00B38689 /* Views */ = {
			isa = PBXGroup;
			children = (
				70B1435E2B6B9D4100918507 /* MovieInfoView.swift */,
				701D36CC2B72747D00B38689 /* MovieInfoView.xib */,
			);
			path = Views;
			sourceTree = "<group>";
		};
		701D36C12B7249BC00B38689 /* Views */ = {
			isa = PBXGroup;
			children = (
				701D36C92B724E5A00B38689 /* Divider */,
			);
			path = Views;
			sourceTree = "<group>";
		};
		701D36C92B724E5A00B38689 /* Divider */ = {
			isa = PBXGroup;
			children = (
				701D36C22B7249E000B38689 /* DividerView.swift */,
				701D36C42B7249E700B38689 /* DividerView.xib */,
			);
			path = Divider;
			sourceTree = "<group>";
		};
		703A92B02B68FD730034B04A /* Util */ = {
			isa = PBXGroup;
			children = (
				703A92B12B68FD8D0034B04A /* Formatter.swift */,
				703A92B32B6903270034B04A /* Paginator.swift */,
				7061683D2B73964B00E17BF6 /* Constants.swift */,
				7061683F2B73A7F300E17BF6 /* Mapper.swift */,
			);
			path = Util;
			sourceTree = "<group>";
		};
		706168372B73934100E17BF6 /* Repository */ = {
			isa = PBXGroup;
			children = (
				7061683A2B73954300E17BF6 /* MovieRepository */,
			);
			path = Repository;
			sourceTree = "<group>";
		};
		7061683A2B73954300E17BF6 /* MovieRepository */ = {
			isa = PBXGroup;
			children = (
				706168382B7393E300E17BF6 /* MovieRepository.swift */,
				7061683B2B73955600E17BF6 /* MovieRepositoryImpl.swift */,
			);
			path = MovieRepository;
			sourceTree = "<group>";
		};
		706168412B73BAA200E17BF6 /* ViewModel */ = {
			isa = PBXGroup;
			children = (
				706168422B73BAAF00E17BF6 /* MovieDetailsViewModel.swift */,
			);
			path = ViewModel;
			sourceTree = "<group>";
		};
		7075F7402B62707B00E99E23 = {
			isa = PBXGroup;
			children = (
				7075F74B2B62707B00E99E23 /* MR Movies */,
				7075F74A2B62707B00E99E23 /* Products */,
				9C4E351D02562E12F86D1623 /* Pods */,
				10E36B9DD12FE6AC3941980A /* Frameworks */,
			);
			sourceTree = "<group>";
		};
		7075F74A2B62707B00E99E23 /* Products */ = {
			isa = PBXGroup;
			children = (
				7075F7492B62707B00E99E23 /* MR Movies.app */,
			);
			name = Products;
			sourceTree = "<group>";
		};
		7075F74B2B62707B00E99E23 /* MR Movies */ = {
			isa = PBXGroup;
			children = (
				7075F7882B62977500E99E23 /* Model */,
				7075F7872B62973000E99E23 /* Network */,
				706168372B73934100E17BF6 /* Repository */,
				7075F7822B62967A00E99E23 /* Screens */,
				701D36C12B7249BC00B38689 /* Views */,
				703A92B02B68FD730034B04A /* Util */,
				7075F7972B62B63E00E99E23 /* Extensions */,
				7075F7802B62962E00E99E23 /* AppDelegate */,
				7075F7812B62963E00E99E23 /* Resources */,
			);
			path = "MR Movies";
			sourceTree = "<group>";
		};
		7075F7802B62962E00E99E23 /* AppDelegate */ = {
			isa = PBXGroup;
			children = (
				7075F74C2B62707B00E99E23 /* AppDelegate.swift */,
				7075F74E2B62707B00E99E23 /* SceneDelegate.swift */,
			);
			path = AppDelegate;
			sourceTree = "<group>";
		};
		7075F7812B62963E00E99E23 /* Resources */ = {
			isa = PBXGroup;
			children = (
				70CDC78F2B679BEA004E305A /* ColorResources.swift */,
				70CDC79B2B67A52A004E305A /* StringRsources */,
				7075F7522B62707B00E99E23 /* Main.storyboard */,
				7075F7552B62707C00E99E23 /* Assets.xcassets */,
				7075F7572B62707C00E99E23 /* LaunchScreen.storyboard */,
				7075F75A2B62707C00E99E23 /* Info.plist */,
				706168342B73907100E17BF6 /* Movies.xcdatamodeld */,
			);
			path = Resources;
			sourceTree = "<group>";
		};
		7075F7822B62967A00E99E23 /* Screens */ = {
			isa = PBXGroup;
			children = (
				70B143592B6B999100918507 /* MovieDetails */,
				7075F7832B6296B300E99E23 /* MoviesList */,
			);
			path = Screens;
			sourceTree = "<group>";
		};
		7075F7832B6296B300E99E23 /* MoviesList */ = {
			isa = PBXGroup;
			children = (
				707839B62B667A340047BE49 /* ViewModel */,
				707839A92B666AE40047BE49 /* MovieCell */,
				7075F7842B6296BC00E99E23 /* ViewController */,
			);
			path = MoviesList;
			sourceTree = "<group>";
		};
		7075F7842B6296BC00E99E23 /* ViewController */ = {
			isa = PBXGroup;
			children = (
				7075F7852B62970400E99E23 /* MoviesListViewController.swift */,
			);
			path = ViewController;
			sourceTree = "<group>";
		};
		7075F7872B62973000E99E23 /* Network */ = {
			isa = PBXGroup;
			children = (
				7075F7892B629AB800E99E23 /* Model */,
				7075F79B2B62BA0A00E99E23 /* Interceptors */,
				7075F7942B62A7D700E99E23 /* MoviesService */,
			);
			path = Network;
			sourceTree = "<group>";
		};
		7075F7882B62977500E99E23 /* Model */ = {
			isa = PBXGroup;
			children = (
				7075F78C2B629C1400E99E23 /* MovieUIModel.swift */,
			);
			path = Model;
			sourceTree = "<group>";
		};
		7075F7892B629AB800E99E23 /* Model */ = {
			isa = PBXGroup;
			children = (
				7075F78A2B629B9200E99E23 /* MovieListResponse.swift */,
				7075F7922B62A55800E99E23 /* MovieDetailsResponse.swift */,
			);
			path = Model;
			sourceTree = "<group>";
		};
		7075F7942B62A7D700E99E23 /* MoviesService */ = {
			isa = PBXGroup;
			children = (
				7075F7952B62B19100E99E23 /* MovieService.swift */,
				7075F79E2B62C26600E99E23 /* MovieServiceImpl.swift */,
			);
			path = MoviesService;
			sourceTree = "<group>";
		};
		7075F7972B62B63E00E99E23 /* Extensions */ = {
			isa = PBXGroup;
			children = (
				70B143622B6BA18A00918507 /* UIView+extension.swift */,
				701D36C72B724C1100B38689 /* UITableViewCell+extension.swift */,
				706168322B737AE200E17BF6 /* UIViewController+extension.swift */,
			);
			path = Extensions;
			sourceTree = "<group>";
		};
		7075F79B2B62BA0A00E99E23 /* Interceptors */ = {
			isa = PBXGroup;
			children = (
				707839A72B665A030047BE49 /* ApiKeyInterceptor.swift */,
			);
			path = Interceptors;
			sourceTree = "<group>";
		};
		707839A92B666AE40047BE49 /* MovieCell */ = {
			isa = PBXGroup;
			children = (
				707839AE2B666B290047BE49 /* MovieCell.swift */,
				707839AF2B666B290047BE49 /* MovieCell.xib */,
			);
			path = MovieCell;
			sourceTree = "<group>";
		};
		707839B62B667A340047BE49 /* ViewModel */ = {
			isa = PBXGroup;
			children = (
				707839B72B667A460047BE49 /* MoviesListViewModel.swift */,
			);
			path = ViewModel;
			sourceTree = "<group>";
		};
		70B143592B6B999100918507 /* MovieDetails */ = {
			isa = PBXGroup;
			children = (
				706168412B73BAA200E17BF6 /* ViewModel */,
				701D36C02B7243AB00B38689 /* Views */,
				70B1435A2B6B99B700918507 /* ViewController */,
			);
			path = MovieDetails;
			sourceTree = "<group>";
		};
		70B1435A2B6B99B700918507 /* ViewController */ = {
			isa = PBXGroup;
			children = (
				70B1435B2B6B99C500918507 /* MovieDetailsViewController.swift */,
			);
			path = ViewController;
			sourceTree = "<group>";
		};
		70CDC79B2B67A52A004E305A /* StringRsources */ = {
			isa = PBXGroup;
			children = (
				70CDC79C2B67A54E004E305A /* StringResources.swift */,
				70CDC7992B67A1B7004E305A /* Localizable.strings */,
			);
			path = StringRsources;
			sourceTree = "<group>";
		};
		9C4E351D02562E12F86D1623 /* Pods */ = {
			isa = PBXGroup;
			children = (
				AF4B36B2F8C24E490A8CC0FB /* Pods-MR Movies.debug.xcconfig */,
				9F72B5504F54894645A081AB /* Pods-MR Movies.release.xcconfig */,
			);
			path = Pods;
			sourceTree = "<group>";
		};
/* End PBXGroup section */

/* Begin PBXNativeTarget section */
		7075F7482B62707B00E99E23 /* MR Movies */ = {
			isa = PBXNativeTarget;
			buildConfigurationList = 7075F75D2B62707C00E99E23 /* Build configuration list for PBXNativeTarget "MR Movies" */;
			buildPhases = (
				9057A169177DFC1C26A4715E /* [CP] Check Pods Manifest.lock */,
				7075F7452B62707B00E99E23 /* Sources */,
				7075F7462B62707B00E99E23 /* Frameworks */,
				7075F7472B62707B00E99E23 /* Resources */,
				DF31A1C67B8039CF0DC85BDF /* [CP] Embed Pods Frameworks */,
			);
			buildRules = (
			);
			dependencies = (
			);
			name = "MR Movies";
			productName = "MR Movies";
			productReference = 7075F7492B62707B00E99E23 /* MR Movies.app */;
			productType = "com.apple.product-type.application";
		};
/* End PBXNativeTarget section */

/* Begin PBXProject section */
		7075F7412B62707B00E99E23 /* Project object */ = {
			isa = PBXProject;
			attributes = {
				BuildIndependentTargetsInParallel = 1;
				LastSwiftUpdateCheck = 1430;
				LastUpgradeCheck = 1430;
				TargetAttributes = {
					7075F7482B62707B00E99E23 = {
						CreatedOnToolsVersion = 14.3.1;
					};
				};
			};
			buildConfigurationList = 7075F7442B62707B00E99E23 /* Build configuration list for PBXProject "MR Movies" */;
			compatibilityVersion = "Xcode 14.0";
			developmentRegion = en;
			hasScannedForEncodings = 0;
			knownRegions = (
				en,
				Base,
				ar,
			);
			mainGroup = 7075F7402B62707B00E99E23;
			productRefGroup = 7075F74A2B62707B00E99E23 /* Products */;
			projectDirPath = "";
			projectRoot = "";
			targets = (
				7075F7482B62707B00E99E23 /* MR Movies */,
			);
		};
/* End PBXProject section */

/* Begin PBXResourcesBuildPhase section */
		7075F7472B62707B00E99E23 /* Resources */ = {
			isa = PBXResourcesBuildPhase;
			buildActionMask = 2147483647;
			files = (
				701D36C52B7249E700B38689 /* DividerView.xib in Resources */,
				70CDC7972B67A1B7004E305A /* Localizable.strings in Resources */,
				701D36CD2B72747D00B38689 /* MovieInfoView.xib in Resources */,
				7075F7592B62707C00E99E23 /* LaunchScreen.storyboard in Resources */,
				7075F7562B62707C00E99E23 /* Assets.xcassets in Resources */,
				707839B12B666B290047BE49 /* MovieCell.xib in Resources */,
				7075F7542B62707B00E99E23 /* Main.storyboard in Resources */,
			);
			runOnlyForDeploymentPostprocessing = 0;
		};
/* End PBXResourcesBuildPhase section */

/* Begin PBXShellScriptBuildPhase section */
		9057A169177DFC1C26A4715E /* [CP] Check Pods Manifest.lock */ = {
			isa = PBXShellScriptBuildPhase;
			buildActionMask = 2147483647;
			files = (
			);
			inputFileListPaths = (
			);
			inputPaths = (
				"${PODS_PODFILE_DIR_PATH}/Podfile.lock",
				"${PODS_ROOT}/Manifest.lock",
			);
			name = "[CP] Check Pods Manifest.lock";
			outputFileListPaths = (
			);
			outputPaths = (
				"$(DERIVED_FILE_DIR)/Pods-MR Movies-checkManifestLockResult.txt",
			);
			runOnlyForDeploymentPostprocessing = 0;
			shellPath = /bin/sh;
			shellScript = "diff \"${PODS_PODFILE_DIR_PATH}/Podfile.lock\" \"${PODS_ROOT}/Manifest.lock\" > /dev/null\nif [ $? != 0 ] ; then\n    # print error to STDERR\n    echo \"error: The sandbox is not in sync with the Podfile.lock. Run 'pod install' or update your CocoaPods installation.\" >&2\n    exit 1\nfi\n# This output is used by Xcode 'outputs' to avoid re-running this script phase.\necho \"SUCCESS\" > \"${SCRIPT_OUTPUT_FILE_0}\"\n";
			showEnvVarsInLog = 0;
		};
		DF31A1C67B8039CF0DC85BDF /* [CP] Embed Pods Frameworks */ = {
			isa = PBXShellScriptBuildPhase;
			buildActionMask = 2147483647;
			files = (
			);
			inputFileListPaths = (
				"${PODS_ROOT}/Target Support Files/Pods-MR Movies/Pods-MR Movies-frameworks-${CONFIGURATION}-input-files.xcfilelist",
			);
			name = "[CP] Embed Pods Frameworks";
			outputFileListPaths = (
				"${PODS_ROOT}/Target Support Files/Pods-MR Movies/Pods-MR Movies-frameworks-${CONFIGURATION}-output-files.xcfilelist",
			);
			runOnlyForDeploymentPostprocessing = 0;
			shellPath = /bin/sh;
			shellScript = "\"${PODS_ROOT}/Target Support Files/Pods-MR Movies/Pods-MR Movies-frameworks.sh\"\n";
			showEnvVarsInLog = 0;
		};
/* End PBXShellScriptBuildPhase section */

/* Begin PBXSourcesBuildPhase section */
		7075F7452B62707B00E99E23 /* Sources */ = {
			isa = PBXSourcesBuildPhase;
			buildActionMask = 2147483647;
			files = (
				7061683E2B73964B00E17BF6 /* Constants.swift in Sources */,
				7075F7932B62A55800E99E23 /* MovieDetailsResponse.swift in Sources */,
				7075F74D2B62707B00E99E23 /* AppDelegate.swift in Sources */,
				70CDC79D2B67A54E004E305A /* StringResources.swift in Sources */,
				707839A82B665A030047BE49 /* ApiKeyInterceptor.swift in Sources */,
				70CDC7902B679BEA004E305A /* ColorResources.swift in Sources */,
				706168402B73A7F300E17BF6 /* Mapper.swift in Sources */,
				707839B82B667A460047BE49 /* MoviesListViewModel.swift in Sources */,
				706168392B7393E300E17BF6 /* MovieRepository.swift in Sources */,
				7075F78B2B629B9200E99E23 /* MovieListResponse.swift in Sources */,
				7075F74F2B62707B00E99E23 /* SceneDelegate.swift in Sources */,
				706168362B73907100E17BF6 /* Movies.xcdatamodeld in Sources */,
				7075F79F2B62C26600E99E23 /* MovieServiceImpl.swift in Sources */,
				7075F7962B62B19100E99E23 /* MovieService.swift in Sources */,
				7075F7862B62970400E99E23 /* MoviesListViewController.swift in Sources */,
				707839B02B666B290047BE49 /* MovieCell.swift in Sources */,
				70B143632B6BA18A00918507 /* UIView+extension.swift in Sources */,
				701D36C32B7249E000B38689 /* DividerView.swift in Sources */,
				703A92B22B68FD8D0034B04A /* Formatter.swift in Sources */,
				701D36C82B724C1100B38689 /* UITableViewCell+extension.swift in Sources */,
				7075F78D2B629C1400E99E23 /* MovieUIModel.swift in Sources */,
				70B1435F2B6B9D4100918507 /* MovieInfoView.swift in Sources */,
				706168332B737AE200E17BF6 /* UIViewController+extension.swift in Sources */,
				703A92B42B6903270034B04A /* Paginator.swift in Sources */,
				7061683C2B73955600E17BF6 /* MovieRepositoryImpl.swift in Sources */,
				70B1435C2B6B99C500918507 /* MovieDetailsViewController.swift in Sources */,
				706168432B73BAAF00E17BF6 /* MovieDetailsViewModel.swift in Sources */,
			);
			runOnlyForDeploymentPostprocessing = 0;
		};
/* End PBXSourcesBuildPhase section */

/* Begin PBXVariantGroup section */
		7075F7522B62707B00E99E23 /* Main.storyboard */ = {
			isa = PBXVariantGroup;
			children = (
				7075F7532B62707B00E99E23 /* Base */,
				70CDC7932B67A176004E305A /* ar */,
			);
			name = Main.storyboard;
			sourceTree = "<group>";
		};
		7075F7572B62707C00E99E23 /* LaunchScreen.storyboard */ = {
			isa = PBXVariantGroup;
			children = (
				7075F7582B62707C00E99E23 /* Base */,
				70CDC7942B67A177004E305A /* ar */,
			);
			name = LaunchScreen.storyboard;
			sourceTree = "<group>";
		};
		70CDC7992B67A1B7004E305A /* Localizable.strings */ = {
			isa = PBXVariantGroup;
			children = (
				70CDC7982B67A1B7004E305A /* en */,
				70CDC79A2B67A1BB004E305A /* ar */,
			);
			name = Localizable.strings;
			sourceTree = "<group>";
		};
/* End PBXVariantGroup section */

/* Begin XCBuildConfiguration section */
		7075F75B2B62707C00E99E23 /* Debug */ = {
			isa = XCBuildConfiguration;
			buildSettings = {
				ALWAYS_SEARCH_USER_PATHS = NO;
				CLANG_ANALYZER_LOCALIZABILITY_NONLOCALIZED = YES;
				CLANG_ANALYZER_NONNULL = YES;
				CLANG_ANALYZER_NUMBER_OBJECT_CONVERSION = YES_AGGRESSIVE;
				CLANG_CXX_LANGUAGE_STANDARD = "gnu++20";
				CLANG_ENABLE_MODULES = YES;
				CLANG_ENABLE_OBJC_ARC = YES;
				CLANG_ENABLE_OBJC_WEAK = YES;
				CLANG_WARN_BLOCK_CAPTURE_AUTORELEASING = YES;
				CLANG_WARN_BOOL_CONVERSION = YES;
				CLANG_WARN_COMMA = YES;
				CLANG_WARN_CONSTANT_CONVERSION = YES;
				CLANG_WARN_DEPRECATED_OBJC_IMPLEMENTATIONS = YES;
				CLANG_WARN_DIRECT_OBJC_ISA_USAGE = YES_ERROR;
				CLANG_WARN_DOCUMENTATION_COMMENTS = YES;
				CLANG_WARN_EMPTY_BODY = YES;
				CLANG_WARN_ENUM_CONVERSION = YES;
				CLANG_WARN_INFINITE_RECURSION = YES;
				CLANG_WARN_INT_CONVERSION = YES;
				CLANG_WARN_NON_LITERAL_NULL_CONVERSION = YES;
				CLANG_WARN_OBJC_IMPLICIT_RETAIN_SELF = YES;
				CLANG_WARN_OBJC_LITERAL_CONVERSION = YES;
				CLANG_WARN_OBJC_ROOT_CLASS = YES_ERROR;
				CLANG_WARN_QUOTED_INCLUDE_IN_FRAMEWORK_HEADER = YES;
				CLANG_WARN_RANGE_LOOP_ANALYSIS = YES;
				CLANG_WARN_STRICT_PROTOTYPES = YES;
				CLANG_WARN_SUSPICIOUS_MOVE = YES;
				CLANG_WARN_UNGUARDED_AVAILABILITY = YES_AGGRESSIVE;
				CLANG_WARN_UNREACHABLE_CODE = YES;
				CLANG_WARN__DUPLICATE_METHOD_MATCH = YES;
				COPY_PHASE_STRIP = NO;
				DEBUG_INFORMATION_FORMAT = dwarf;
				ENABLE_STRICT_OBJC_MSGSEND = YES;
				ENABLE_TESTABILITY = YES;
				GCC_C_LANGUAGE_STANDARD = gnu11;
				GCC_DYNAMIC_NO_PIC = NO;
				GCC_NO_COMMON_BLOCKS = YES;
				GCC_OPTIMIZATION_LEVEL = 0;
				GCC_PREPROCESSOR_DEFINITIONS = (
					"DEBUG=1",
					"$(inherited)",
				);
				GCC_WARN_64_TO_32_BIT_CONVERSION = YES;
				GCC_WARN_ABOUT_RETURN_TYPE = YES_ERROR;
				GCC_WARN_UNDECLARED_SELECTOR = YES;
				GCC_WARN_UNINITIALIZED_AUTOS = YES_AGGRESSIVE;
				GCC_WARN_UNUSED_FUNCTION = YES;
				GCC_WARN_UNUSED_VARIABLE = YES;
				IPHONEOS_DEPLOYMENT_TARGET = 16.4;
				MTL_ENABLE_DEBUG_INFO = INCLUDE_SOURCE;
				MTL_FAST_MATH = YES;
				ONLY_ACTIVE_ARCH = YES;
				SDKROOT = iphoneos;
				SWIFT_ACTIVE_COMPILATION_CONDITIONS = DEBUG;
				SWIFT_OPTIMIZATION_LEVEL = "-Onone";
			};
			name = Debug;
		};
		7075F75C2B62707C00E99E23 /* Release */ = {
			isa = XCBuildConfiguration;
			buildSettings = {
				ALWAYS_SEARCH_USER_PATHS = NO;
				CLANG_ANALYZER_LOCALIZABILITY_NONLOCALIZED = YES;
				CLANG_ANALYZER_NONNULL = YES;
				CLANG_ANALYZER_NUMBER_OBJECT_CONVERSION = YES_AGGRESSIVE;
				CLANG_CXX_LANGUAGE_STANDARD = "gnu++20";
				CLANG_ENABLE_MODULES = YES;
				CLANG_ENABLE_OBJC_ARC = YES;
				CLANG_ENABLE_OBJC_WEAK = YES;
				CLANG_WARN_BLOCK_CAPTURE_AUTORELEASING = YES;
				CLANG_WARN_BOOL_CONVERSION = YES;
				CLANG_WARN_COMMA = YES;
				CLANG_WARN_CONSTANT_CONVERSION = YES;
				CLANG_WARN_DEPRECATED_OBJC_IMPLEMENTATIONS = YES;
				CLANG_WARN_DIRECT_OBJC_ISA_USAGE = YES_ERROR;
				CLANG_WARN_DOCUMENTATION_COMMENTS = YES;
				CLANG_WARN_EMPTY_BODY = YES;
				CLANG_WARN_ENUM_CONVERSION = YES;
				CLANG_WARN_INFINITE_RECURSION = YES;
				CLANG_WARN_INT_CONVERSION = YES;
				CLANG_WARN_NON_LITERAL_NULL_CONVERSION = YES;
				CLANG_WARN_OBJC_IMPLICIT_RETAIN_SELF = YES;
				CLANG_WARN_OBJC_LITERAL_CONVERSION = YES;
				CLANG_WARN_OBJC_ROOT_CLASS = YES_ERROR;
				CLANG_WARN_QUOTED_INCLUDE_IN_FRAMEWORK_HEADER = YES;
				CLANG_WARN_RANGE_LOOP_ANALYSIS = YES;
				CLANG_WARN_STRICT_PROTOTYPES = YES;
				CLANG_WARN_SUSPICIOUS_MOVE = YES;
				CLANG_WARN_UNGUARDED_AVAILABILITY = YES_AGGRESSIVE;
				CLANG_WARN_UNREACHABLE_CODE = YES;
				CLANG_WARN__DUPLICATE_METHOD_MATCH = YES;
				COPY_PHASE_STRIP = NO;
				DEBUG_INFORMATION_FORMAT = "dwarf-with-dsym";
				ENABLE_NS_ASSERTIONS = NO;
				ENABLE_STRICT_OBJC_MSGSEND = YES;
				GCC_C_LANGUAGE_STANDARD = gnu11;
				GCC_NO_COMMON_BLOCKS = YES;
				GCC_WARN_64_TO_32_BIT_CONVERSION = YES;
				GCC_WARN_ABOUT_RETURN_TYPE = YES_ERROR;
				GCC_WARN_UNDECLARED_SELECTOR = YES;
				GCC_WARN_UNINITIALIZED_AUTOS = YES_AGGRESSIVE;
				GCC_WARN_UNUSED_FUNCTION = YES;
				GCC_WARN_UNUSED_VARIABLE = YES;
				IPHONEOS_DEPLOYMENT_TARGET = 16.4;
				MTL_ENABLE_DEBUG_INFO = NO;
				MTL_FAST_MATH = YES;
				SDKROOT = iphoneos;
				SWIFT_COMPILATION_MODE = wholemodule;
				SWIFT_OPTIMIZATION_LEVEL = "-O";
				VALIDATE_PRODUCT = YES;
			};
			name = Release;
		};
		7075F75E2B62707C00E99E23 /* Debug */ = {
			isa = XCBuildConfiguration;
			baseConfigurationReference = AF4B36B2F8C24E490A8CC0FB /* Pods-MR Movies.debug.xcconfig */;
			buildSettings = {
				ASSETCATALOG_COMPILER_APPICON_NAME = AppIcon;
				ASSETCATALOG_COMPILER_GLOBAL_ACCENT_COLOR_NAME = AccentColor;
				CODE_SIGN_STYLE = Automatic;
				CURRENT_PROJECT_VERSION = 1;
				GENERATE_INFOPLIST_FILE = YES;
				INFOPLIST_FILE = "MR Movies/Resources/Info.plist";
				INFOPLIST_KEY_UIApplicationSupportsIndirectInputEvents = YES;
				INFOPLIST_KEY_UILaunchStoryboardName = LaunchScreen;
				INFOPLIST_KEY_UIMainStoryboardFile = Main;
				INFOPLIST_KEY_UISupportedInterfaceOrientations_iPad = "UIInterfaceOrientationPortrait UIInterfaceOrientationPortraitUpsideDown UIInterfaceOrientationLandscapeLeft UIInterfaceOrientationLandscapeRight";
				INFOPLIST_KEY_UISupportedInterfaceOrientations_iPhone = "UIInterfaceOrientationPortrait UIInterfaceOrientationLandscapeLeft UIInterfaceOrientationLandscapeRight";
				LD_RUNPATH_SEARCH_PATHS = (
					"$(inherited)",
					"@executable_path/Frameworks",
				);
				MARKETING_VERSION = 1.0;
				PRODUCT_BUNDLE_IDENTIFIER = "com.loc.MR-Movies";
				PRODUCT_NAME = "$(TARGET_NAME)";
				SWIFT_EMIT_LOC_STRINGS = YES;
				SWIFT_VERSION = 5.0;
				TARGETED_DEVICE_FAMILY = "1,2";
			};
			name = Debug;
		};
		7075F75F2B62707C00E99E23 /* Release */ = {
			isa = XCBuildConfiguration;
			baseConfigurationReference = 9F72B5504F54894645A081AB /* Pods-MR Movies.release.xcconfig */;
			buildSettings = {
				ASSETCATALOG_COMPILER_APPICON_NAME = AppIcon;
				ASSETCATALOG_COMPILER_GLOBAL_ACCENT_COLOR_NAME = AccentColor;
				CODE_SIGN_STYLE = Automatic;
				CURRENT_PROJECT_VERSION = 1;
				GENERATE_INFOPLIST_FILE = YES;
				INFOPLIST_FILE = "MR Movies/Resources/Info.plist";
				INFOPLIST_KEY_UIApplicationSupportsIndirectInputEvents = YES;
				INFOPLIST_KEY_UILaunchStoryboardName = LaunchScreen;
				INFOPLIST_KEY_UIMainStoryboardFile = Main;
				INFOPLIST_KEY_UISupportedInterfaceOrientations_iPad = "UIInterfaceOrientationPortrait UIInterfaceOrientationPortraitUpsideDown UIInterfaceOrientationLandscapeLeft UIInterfaceOrientationLandscapeRight";
				INFOPLIST_KEY_UISupportedInterfaceOrientations_iPhone = "UIInterfaceOrientationPortrait UIInterfaceOrientationLandscapeLeft UIInterfaceOrientationLandscapeRight";
				LD_RUNPATH_SEARCH_PATHS = (
					"$(inherited)",
					"@executable_path/Frameworks",
				);
				MARKETING_VERSION = 1.0;
				PRODUCT_BUNDLE_IDENTIFIER = "com.loc.MR-Movies";
				PRODUCT_NAME = "$(TARGET_NAME)";
				SWIFT_EMIT_LOC_STRINGS = YES;
				SWIFT_VERSION = 5.0;
				TARGETED_DEVICE_FAMILY = "1,2";
			};
			name = Release;
		};
/* End XCBuildConfiguration section */

/* Begin XCConfigurationList section */
		7075F7442B62707B00E99E23 /* Build configuration list for PBXProject "MR Movies" */ = {
			isa = XCConfigurationList;
			buildConfigurations = (
				7075F75B2B62707C00E99E23 /* Debug */,
				7075F75C2B62707C00E99E23 /* Release */,
			);
			defaultConfigurationIsVisible = 0;
			defaultConfigurationName = Release;
		};
		7075F75D2B62707C00E99E23 /* Build configuration list for PBXNativeTarget "MR Movies" */ = {
			isa = XCConfigurationList;
			buildConfigurations = (
				7075F75E2B62707C00E99E23 /* Debug */,
				7075F75F2B62707C00E99E23 /* Release */,
			);
			defaultConfigurationIsVisible = 0;
			defaultConfigurationName = Release;
		};
/* End XCConfigurationList section */

/* Begin XCVersionGroup section */
		706168342B73907100E17BF6 /* Movies.xcdatamodeld */ = {
			isa = XCVersionGroup;
			children = (
				706168352B73907100E17BF6 /* Movies.xcdatamodel */,
			);
			currentVersion = 706168352B73907100E17BF6 /* Movies.xcdatamodel */;
			path = Movies.xcdatamodeld;
			sourceTree = "<group>";
			versionGroupType = wrapper.xcdatamodel;
		};
/* End XCVersionGroup section */
	};
	rootObject = 7075F7412B62707B00E99E23 /* Project object */;
}
